
Microsoft Visual Studio Solution File, Format Version 12.00
# Visual Studio Version 16
VisualStudioVersion = 16.0.30011.22
MinimumVisualStudioVersion = 10.0.40219.1
Project("{FAE04EC0-301F-11D3-BF4B-00C04F79EFBC}") = "Atomic", "Atomic\Atomic.csproj", "{471A20D8-E259-4002-9FC8-79252BDBA6A8}"
EndProject
Global
	GlobalSection(SolutionConfigurationPlatforms) = preSolution
		Debug|Any CPU = Debug|Any CPU
		Debug|x86 = Debug|x86
		Release|Any CPU = Release|Any CPU
		Release|x86 = Release|x86
	EndGlobalSection
	GlobalSection(ProjectConfigurationPlatforms) = postSolution
		{471A20D8-E259-4002-9FC8-79252BDBA6A8}.Debug|Any CPU.ActiveCfg = Debug|Any CPU
		{471A20D8-E259-4002-9FC8-79252BDBA6A8}.Debug|Any CPU.Build.0 = Debug|Any CPU
		{471A20D8-E259-4002-9FC8-79252BDBA6A8}.Debug|x86.ActiveCfg = Debug|Any CPU
		{471A20D8-E259-4002-9FC8-79252BDBA6A8}.Debug|x86.Build.0 = Debug|Any CPU
		{471A20D8-E259-4002-9FC8-79252BDBA6A8}.Release|Any CPU.ActiveCfg = Release|Any CPU
		{471A20D8-E259-4002-9FC8-79252BDBA6A8}.Release|Any CPU.Build.0 = Release|Any CPU
		{471A20D8-E259-4002-9FC8-79252BDBA6A8}.Release|x86.ActiveCfg = Release|Any CPU
		{471A20D8-E259-4002-9FC8-79252BDBA6A8}.Release|x86.Build.0 = Release|Any CPU
	EndGlobalSection
	GlobalSection(SolutionProperties) = preSolution
		HideSolutionNode = FALSE
	EndGlobalSection
	GlobalSection(ExtensibilityGlobals) = postSolution
		SolutionGuid = {7AFF9EEC-231C-486C-9E2B-5B850681245A}
	EndGlobalSection
EndGlobal
